<?xml version="1.0" encoding="utf-8"?>
<Project ToolsVersion="4.0" xmlns="http://schemas.microsoft.com/developer/msbuild/2003">
  <ItemGroup>
    <Filter Include="src">
      <UniqueIdentifier>{3a44931f-fabc-496a-9578-483028f77559}</UniqueIdentifier>
    </Filter>
    <Filter Include="shaders">
      <UniqueIdentifier>{8c0ddb09-8318-4007-a8d6-aef704310115}</UniqueIdentifier>
    </Filter>
    <Filter Include="utils">
      <UniqueIdentifier>{0afb6883-1607-47ea-ad15-2126fc928e2a}</UniqueIdentifier>
    </Filter>
    <Filter Include="imgui">
      <UniqueIdentifier>{3e76618a-eb6d-4720-832b-78fc607b25c4}</UniqueIdentifier>
    </Filter>
    <Filter Include="libosmium">
      <UniqueIdentifier>{05a4be7e-7ba3-4f29-bafd-f095fa4a97cc}</UniqueIdentifier>
    </Filter>
  </ItemGroup>
  <ItemGroup>
    <ClCompile Include="utils\Camera.cpp">
      <Filter>utils</Filter>
    </ClCompile>
    <ClCompile Include="utils\Colors.cpp">
      <Filter>utils</Filter>
    </ClCompile>
    <ClCompile Include="utils\GLMaterial.cpp">
      <Filter>utils</Filter>
    </ClCompile>
    <ClCompile Include="utils\GlslProgram.cpp">
      <Filter>utils</Filter>
    </ClCompile>
    <ClCompile Include="utils\GLUtility.cpp">
      <Filter>utils</Filter>
    </ClCompile>
    <ClCompile Include="utils\Materials.cpp">
      <Filter>utils</Filter>
    </ClCompile>
    <ClCompile Include="utils\Utility.cpp">
      <Filter>utils</Filter>
    </ClCompile>
    <ClCompile Include="imgui-1.88\imgui.cpp">
      <Filter>imgui</Filter>
    </ClCompile>
    <ClCompile Include="imgui-1.88\imgui_demo.cpp">
      <Filter>imgui</Filter>
    </ClCompile>
    <ClCompile Include="imgui-1.88\imgui_draw.cpp">
      <Filter>imgui</Filter>
    </ClCompile>
    <ClCompile Include="imgui-1.88\imgui_widgets.cpp">
      <Filter>imgui</Filter>
    </ClCompile>
    <ClCompile Include="imgui-1.88\backends\imgui_impl_glfw.cpp">
      <Filter>imgui</Filter>
    </ClCompile>
    <ClCompile Include="imgui-1.88\backends\imgui_impl_opengl3.cpp">
      <Filter>imgui</Filter>
    </ClCompile>
    <ClCompile Include="imgui-1.88\imgui_tables.cpp">
      <Filter>imgui</Filter>
    </ClCompile>
    <ClCompile Include="OpenStreetMapSample.cpp">
      <Filter>src</Filter>
    </ClCompile>
  </ItemGroup>
  <ItemGroup>
    <ClInclude Include="utils\Camera.h">
      <Filter>utils</Filter>
    </ClInclude>
    <ClInclude Include="utils\Colors.h">
      <Filter>utils</Filter>
    </ClInclude>
    <ClInclude Include="utils\CommonHeaders.h">
      <Filter>utils</Filter>
    </ClInclude>
    <ClInclude Include="utils\GLMaterial.h">
      <Filter>utils</Filter>
    </ClInclude>
    <ClInclude Include="utils\GlslProgram.h">
      <Filter>utils</Filter>
    </ClInclude>
    <ClInclude Include="utils\GLUtility.h">
      <Filter>utils</Filter>
    </ClInclude>
    <ClInclude Include="utils\Materials.h">
      <Filter>utils</Filter>
    </ClInclude>
    <ClInclude Include="utils\stb_image.h">
      <Filter>utils</Filter>
    </ClInclude>
    <ClInclude Include="utils\stb_image_write.h">
      <Filter>utils</Filter>
    </ClInclude>
    <ClInclude Include="utils\Utility.h">
      <Filter>utils</Filter>
    </ClInclude>
  </ItemGroup>
  <ItemGroup>
    <None Include="shaders\fMatSpotLight.glsl">
      <Filter>shaders</Filter>
    </None>
    <None Include="shaders\vMatSpotLight.glsl">
      <Filter>shaders</Filter>
    </None>
    <None Include="shaders\fBasic.glsl">
      <Filter>shaders</Filter>
    </None>
    <None Include="shaders\vBasic.glsl">
      <Filter>shaders</Filter>
    </None>
  </ItemGroup>
</Project>